{
    "_meta": {
        "hash": {
            "sha256": "872112778f62fe9c929429f53f48c9a437d0ff15b8eb3b8a56ac582dfa9dfc9c"
        },
        "host-environment-markers": {
            "implementation_name": "cpython",
            "implementation_version": "3.6.0",
            "os_name": "nt",
            "platform_machine": "AMD64",
            "platform_python_implementation": "CPython",
            "platform_release": "10",
            "platform_system": "Windows",
            "platform_version": "10.0.15063",
            "python_full_version": "3.6.0",
            "python_version": "3.6",
            "sys_platform": "win32"
        },
        "pipfile-spec": 6,
        "requires": {
            "python_version": "3.6"
        },
        "sources": [
            {
                "name": "pypi",
                "url": "https://pypi.python.org/simple",
                "verify_ssl": true
            }
        ]
    },
    "default": {
        "asgi-redis": {
            "hashes": [
                "sha256:e77007c289ea99b1ab2d69cfb2ccf3eb7b949f1a0bbfa13ffe3c92e9df698ee6",
                "sha256:428457a5a948c32f0ced61b49750ccb4bcd132b75110d545e547d1c76d803d8e"
            ],
            "version": "==0.14.1"
        },
        "asgiref": {
            "hashes": [
                "sha256:8c30206bb66d83d8f941c0a21661e21676fdb3f3994d85787da794f6aa78dcbd",
                "sha256:8c0e920b9162a1b2d1999c828860aa3a031733a97d7b5b3eafe29d7649f884f3"
            ],
            "version": "==0.14.0"
        },
        "autobahn": {
            "hashes": [
                "sha256:6c9eb70a36ffbc831a1fe76e43f99f5fd26aebfa7c5af2d705c587c4ef20c8f0",
                "sha256:a1dcb4315a0914da56ec484659816de72dfad229be4ac19fa61bbc0111ada884"
            ],
            "version": "==0.16.0"
        },
        "babel": {
            "hashes": [
                "sha256:3318ed2960240d61cbc6558858ee00c10eed77a6508c4d1ed8e6f7f48399c975",
                "sha256:c535c4403802f6eb38173cd4863e419e2274921a01a8aad8a5b497c131c62875"
            ],
            "version": "==2.3.4"
        },
        "channels": {
            "hashes": [
                "sha256:8c19a4501e01750672c7e1a5d2b97113045730c73221945af0cf94d4e89c74d5",
                "sha256:89591b5d3bc0c1884e6ba270257cae2a3091a3b22ad7c9f1a3b84b5cc1a7ca0e"
            ],
            "version": "==0.17.3"
        },
        "colorama": {
            "hashes": [
                "sha256:a4c0f5bc358a62849653471e309dcc991223cf86abafbec17cd8f41327279e89",
                "sha256:e043c8d32527607223652021ff648fbb394d5e19cba9f1a698670b338c9d782b",
                "sha256:f4945bf52ae49da0728fe730a33c18744803752fc948f154f29dc0c4f9f2f9cc"
            ],
            "version": "==0.3.7"
        },
        "contextlib2": {
            "hashes": [
                "sha256:399f659f2a8b5d5d529f132e1136fc404fbbc28e34e4618c5c92bd595be9b162",
                "sha256:710626cde569f51a87f216ff757fe60f5cd13ae8f8114706590510cd5649ce88"
            ],
            "version": "==0.5.4"
        },
        "coverage": {
            "hashes": [
                "sha256:9d1c398f14290bc4ae4bc5ce01c283cabe734a068ba39e6a20b3eb4d3a412b52",
                "sha256:81069320e72dfb28bbc07e79ae94aa79d6fe7660eb9aae809d363b7f889020de",
                "sha256:42450b715dedb7a9e721ed016f5044fdc2a05b1c5098bb397d169e9846d7b031",
                "sha256:6d6ca7c7406edc03f50f751a583d0e0c1d64b2c01da8e1b9b40d5961a23c126d",
                "sha256:4138fc4741a54aaf6dd6d91cebe075a899b7f4a841680638704e4eec803c8268",
                "sha256:d12b46247e74c1881768feb3ae48fbbb95e5c883b0c3517acdf86f435560fc61",
                "sha256:28a61877d72937d1cc367f09859ddacad99ea26f6fc468c34937e1004db54798",
                "sha256:40092d2d24c8ecf3d3ffc84521f88a0fe140fa333a95422f194bd48b9de049f7",
                "sha256:38e87c46d364b8b3ac4d161586707345b7bc7b16855be1751345fc91be702ff7",
                "sha256:bd4eba631f07cae8cdb9c55c144f165649e6701b962f9d604b4e00cf8802406c",
                "sha256:61224ed8243bda02dbd3aa3fff760eaa8fd30774c79b9e1ca8aa1c12294596fe",
                "sha256:5e3066a2bce9320044997a809968ae798429548caf2e2a520bc5f2bb853f6cc0",
                "sha256:31c1ef428482d22e84e37e79908b4e35014bc1c247bd3819b31e1246466743fb",
                "sha256:b8faa97f0d3708c9ec487367fbcee630117d8ce161fe6b185b2e72e48be2275b",
                "sha256:6a797de7c1855e88a6bb2cade546f894f89c6342bbeae78f474f269460dd8f4f",
                "sha256:735cdc43a39407bf87b61e91f621d52e5acc5f4f52999d0f7ff4594a147ef669",
                "sha256:e312776d3ef04632ec742ce2d2b7048b635073e0245e4f44dfe8b08cc50ac656",
                "sha256:fbe75deeec11130913e2df6f7f8edd383cf9e9e1c237cf0bed1719c18ee7aadb",
                "sha256:fc9cca8c0147d9191c96370b1bc0f425d87ffdf8dd48bc4dc9657ee45a77a8ce",
                "sha256:9f63c41114d6e38e6007edd38849db19655d1860075c019a4e24f8636d0bd53e",
                "sha256:1c8ff2692efb9ef2c07b84ca6f8dec03dfdc2503bba5b268678e823928e08e52",
                "sha256:89bf69d6ce7a865499a9b957745db8c2e9d5fbad00c4745a59d3c65211446ca8",
                "sha256:fac51660e712b5f873dadb787e6ec3eced13473302559ea9bdbbba9d07fb56e0",
                "sha256:30bd366d8f1388b06f0c7dff49dad1024bf98b787f1c23e776356f96d8cfe038",
                "sha256:30b9b429d3c88b6fe3573f1e73dffd6dc7f71f50a3eebd8fc410445877dad20a",
                "sha256:7e5dc262c4924326ba1d0d227597e9c8b3b167daa946775e886b8344c85c463c",
                "sha256:3b72f4b0ca8e128e483e3e9ebe2b7ba4b5a801d15421ff495ecffa10b6f932b4",
                "sha256:a5dda361f947dd67891f73a373ef63059cf3e551ac248dd3e91f76ea1b39cdda"
            ],
            "version": "==4.2"
        },
        "daphne": {
            "hashes": [
                "sha256:4d240c184339f1ab2e90e41f460885b0e666c0bfea6a2a18071134deabf3bcd0",
                "sha256:5519cb55e081a26943deeaf3a437882fae6a81f2de453bb0bf47e86a638ca865"
            ],
            "version": "==0.14.3"
        },
        "dj-database-url": {
            "hashes": [
                "sha256:7f4c78d2a090df8dfaf56d5d3ff7bbee17360436e4879558317e2314424864cd"
            ],
            "version": "==0.4.1"
        },
        "django": {
            "hashes": [
                "sha256:05816963cbbadd131bcee8fb5069d8695796e25d081ec24eff62bc1fc8ed891a",
                "sha256:8255242fa0d9e0bf331259a6bdb81364933acbe8863291661558ffdb2fc9ed70"
            ],
            "version": "==1.8.8"
        },
        "django-countries": {
            "hashes": [
                "sha256:b08bf13f46d05917074662a4222e6a614f7caf40ecccbbbc321a572f1029214f",
                "sha256:8762ed8863e818c44619e10ab47a861546f465afe945fd5ddecb6f2ba294a646"
            ],
            "version": "==4.0"
        },
        "django-floppyforms": {
            "hashes": [
                "sha256:155f94a2b6341b02de16a1d8efea0ab77f1869d3185c2f07381cca0cafffe2dd"
            ],
            "version": "==1.7.0"
        },
        "django-idmap": {
            "hashes": [
                "sha256:39308238363070ecfa9bb83179dacf63ab9a8f43e2b86885fd61b3c3a4ac6b61"
            ],
            "version": "==1.0"
        },
        "django-vanilla-views": {
            "hashes": [
                "sha256:12773d4482c065a58205a231841d9ff21f0ca61d4e7d87ca3238cfbeac02dc9e"
            ],
            "version": "==1.0.4"
        },
        "djangorestframework": {
            "hashes": [
                "sha256:ddffda500513adbca7ded260b4f9ede4395289f351ef94d579dfc8923992e3b2",
                "sha256:9100c49071470dad56c760f439366c203724b2c94242b82e75748750536d8a48"
            ],
            "version": "==3.4.6"
        },
        "honcho": {
            "hashes": [
                "sha256:502887f3ee7897e9e3f22edb57c52cb69391006f54a81a93c0f366b19c084d09",
                "sha256:f9345eb2f860ed9da8bd89bc935a3212c4f434d5e3c418e1d0008531309e9407"
            ],
            "version": "==0.7.1"
        },
        "huey": {
            "hashes": [
                "sha256:e92e4cab8492a233e18ed0fc92998a48aaf32334949427afd6723f228eecccf6"
            ],
            "version": "==1.2.0"
        },
        "ipy": {
            "hashes": [
                "sha256:61da5a532b159b387176f6eabf11946e7458b6df8fb8b91ff1d345ca7a6edab8"
            ],
            "version": "==0.83"
        },
        "msgpack-python": {
            "hashes": [
                "sha256:637b012c9ea021de7a7a75d6ff5e82cfef6694babd7e14bb9a3adcb2a5bd52f0",
                "sha256:658c1cd5dcf7786e0e7a6d523cd0c5b33f92e139e224bd73cb3a23ada618d2dc",
                "sha256:920bbbaee07ad048a4d2b4160901b19775c61ef9439f856c74509e763a326249",
                "sha256:e165006f7e3d2612f1bffe2f6f042ca317d8df724d8b72a39b14c2e46c67eaae",
                "sha256:95d70edd50e3d2f6ea1189f77190e4a0172626e7405ddd1689f3f64814447cba",
                "sha256:7e1b12ea0134460052fabcfaa0f488ec0fc21deb14832d66236fd2870757d8f1",
                "sha256:8f36890251f20d96267618cf64735759d7ef7e91bc0b86b9480547d2d1397a68",
                "sha256:1e68a277e4180baa7789be36f27f0891660205f6209f78a32282d3c422873d78",
                "sha256:f52d9f96df952369fe4adcb0506e10c1c92d47f653f601a66da2a26a7e7141ea",
                "sha256:58c9c1d7891a35bddc6ee5dbec10d347a7ae4983169c24fc5fc8a57ae792ca76",
                "sha256:1a2b19df0f03519ec7f19f826afb935b202d8979b0856c6fb3dc28955799f886"
            ],
            "version": "==0.4.8"
        },
        "otree-boto2-shim": {
            "hashes": [
                "sha256:e83412b2ece02d80e34a36870e5753658299cdbf038d4c313607937120bbc977"
            ],
            "version": "==0.3.2"
        },
        "otree-core": {
            "hashes": [
                "sha256:bfb3234fecf0df0025baa44d06ac430a7e462577ca69beb3725cbf4c41c176f5"
            ],
            "version": "==1.4.15"
        },
        "otree-save-the-change": {
            "hashes": [
                "sha256:4a3ac01ffa256c14561c336d6b708b7936e0d12bf9558b43e023706d40255db1"
            ],
            "version": "==1.1.3"
        },
        "pbr": {
            "hashes": [
                "sha256:f5cf7265a80636ecff66806d13494cbf9d77a3758a65fd8b4d4d4bee81b0c375",
                "sha256:186428c270309e6fdfe2d5ab0949ab21ae5f7dea831eab96701b86bd666af39c"
            ],
            "version": "==1.10.0"
        },
        "psycopg2": {
            "hashes": [
                "sha256:3ab693b907b2c7a34c1dca198cfc454516cfd75440fd913bb372da6f70d6db55",
                "sha256:3c99c88216e0fc62113a1177aae9db18a533274370e99a4537b433b87b319360",
                "sha256:df70e0a387b0145a7a80de67d43d84e1c5a24a33bbfaedb96271876d573e5fb6",
                "sha256:8d2003d23d8fc59f0f0a2e73c13baa41581006b8227a9d82bbdc1aa233285ba4",
                "sha256:face605eea5826fa36600c04447b61674992bbd5eb177f66f86f61a04436dbd9",
                "sha256:ebee4f59803eda1ed4035649469a713818dbf5b6de2e12396edd9fa228727c20",
                "sha256:4d7c872d9c85745964cf8efabba3fb1a6010b345c18d0e2b620509f0444aa729",
                "sha256:99a298b9030f8fd36f885c5d0661e4d5a059136a541bb6c4d7d1100e38da3cd1",
                "sha256:b7646f7bdb42ba3cf7ef9f500f6514b5e413d25c5b3093d70e6ba52df417a83c",
                "sha256:39369e40bc3e062da5da93ce5f1e7f9bed95e9a60cb6f003d316f2a834722e2d",
                "sha256:c939b238cbc18e786909d20277c9f051241696ebb03ca9e3490094f526ce69a7",
                "sha256:9a0a74a6f20d82c389095c88d4d281e66eb3ffbc09adf543dcec4bec22436569",
                "sha256:16482d050db68503abbb693795d75e9fca287a00f662376759825404533ca87c",
                "sha256:f74e50341f45fb9bcd3598c11b5774c3e4349ee38cf15c342cc7075c73ef1f95",
                "sha256:e80a1ae04218e854a5d71085f9498c8c979033ca855cedeed3afc5d976c348ce",
                "sha256:f07791ee5793621bfaaa844f731529cd72321280f94e8dc3bd4ef524d20f58f2",
                "sha256:0bd0b1cf81eb6d74a77199570d5ce097fb3c6b8e57acc1edd328cef5c552f98a",
                "sha256:4db0de7d6236acbf7d020926489b6c4b98e845ba98df11057f22d54866e26b20",
                "sha256:604c49bf196c654c417ade1dc765bd23fe9bc3392d9a8c7184a7077142d621b3",
                "sha256:6194e81d8839b636118f5275c53be3c70eb3c3abcf836de675c34b20c06025ea",
                "sha256:e26aca5eb272869fdf8e55111f36026517c1c0799eb7ef1ddf67d4412affe1ef",
                "sha256:35d1fec112337c2607c8ca17dee3c2f8455e07dd69d140ff8e86ef1240dace3d",
                "sha256:891a70235c202158780fc0ab98d7ca2a7ed1625c26725b15119d47b2d852a5c6",
                "sha256:4cca242df228364b4de6241c54553301856bc253d7f21e15009b11c812eb7b5c",
                "sha256:3fbba0dd7f3ac458f355dcfc4d7d9cd082c19748e453bcd81bf9d8bc14260c01",
                "sha256:04a5b2805c620ddecdff33e015631cc8d7ea8dd01e1fcc930bfe002fdc26b9e0",
                "sha256:4fbe2c29f6d4c8d9eac5fc3c42c42036e7cc58e225036130b7713afa72489aac",
                "sha256:471e3140e1cb241ecb53602cdc98fe305b82c854cfa53c3e343d642683dc96c7",
                "sha256:279dbf220c94c9f73aefac719ea3b9550ca791389bc9184c15e835516bc8428d",
                "sha256:a4d7134058e8869d785c0be386cd702fe2a4be14b678d7571a51045e1bbad862",
                "sha256:9b7b16e26448b43cf167f785d8b5345007731ebf153a510e12dae826800caa65"
            ],
            "version": "==2.7.3.1"
        },
        "py": {
            "hashes": [
                "sha256:4a3e4f3000c123835ac39cab5ccc510642153bc47bc1f13e2bbb53039540ae69",
                "sha256:a6501963c725fc2554dabfece8ae9a8fb5e149c0ac0a42fd2b02c5c1c57fc114"
            ],
            "version": "==1.4.31"
        },
        "pytest": {
            "hashes": [
                "sha256:ccc23b4aab3ef3e19e731de9baca73f3b1a7e610d9ec65b28c36a5a3305f0349",
                "sha256:12c18abb9a09a5b2802dba75c7a2d7d6c8c0f1258abd8243e7688415d87ad1d8"
            ],
            "version": "==2.9.2"
        },
        "pytest-django": {
            "hashes": [
                "sha256:5952283b0e6e0f9d8cb46803636e3940e1c77da8a529f03a8a4320f52d9bf560",
                "sha256:7898731205fa245926c800273dcffcd9b25e0b660a363ecb6cc2901ffe4aa1cc"
            ],
            "version": "==3.0.0"
        },
        "python-redis-lock": {
            "hashes": [
                "sha256:52e8d70aa5c6b04ffe257696c7a8fa212dc0f10e0ff93dd87664c430febe0449",
                "sha256:f308dda75449cba1155c5b6f8ebaa0dc1a25f6964ca4dc2a2ac889ff334b4237"
            ],
            "version": "==3.2.0"
        },
        "pytz": {
            "hashes": [
                "sha256:97baa64915ef83b98d202ee2d4dbcc891b924b83410e69078523215fa2c72d0a",
                "sha256:3495f56248eac90e59a1e742d13e2ce647eea46aadf453d0fa22b7eb3d665670",
                "sha256:5cf3ed40944662a351b2cca0c5bb0c003e0a1b2c4d808e45fad73abf80f44b48",
                "sha256:dec0bedfa2a91289e2505e4f771dbcb6a3930b6664e6a6ac010cd73f555900ba",
                "sha256:7833bf559800232d3965b70e69642ebdadc76f7988f8d0a1440e072193ecd949",
                "sha256:2f5fa04d1804ff0cd52ca3274ba9e74c775b4b70a18f25fcc537c903dfd5cc18",
                "sha256:a44a3486a6657046879406dfd9ef0565b1211ffcf4779bddbe39c72496df1688",
                "sha256:2298d266b831852d0a7ef7e17c57c09a0320d187b3f1c85e58903fb6088d268d",
                "sha256:060cf9f8770765a7d0be9e0b3e512ab54bc346a15daa50d6c9dd59347a396d3a",
                "sha256:1cc1fdda22d183ed6e6c9f65ecbba8e12a9208cfadd384d2d429e18dc0250a0f",
                "sha256:b5aff44126cf828537581e534cc94299b223b945a2bb3b5434d37bf8c7f3a10c",
                "sha256:6f57732f0f8849817e9853eb9d50d85d1ebb1404f702dbc44ee627c642a486ca",
                "sha256:51ad716f6081f2126deb436349924e069dfcd0cbd9e0cabdacb0b3a72a3b82e7"
            ],
            "version": "==2016.6.1"
        },
        "raven": {
            "hashes": [
                "sha256:aea92d403fddb9a82644880eca1590017ced49111ee8654d642013472efe3a53",
                "sha256:42a665e2d2febff0652102b495ed877e89cd983ef2a07174123be49ba571e479"
            ],
            "version": "==5.25.0"
        },
        "redis": {
            "hashes": [
                "sha256:97156b37d7cda4e7d8658be1148c983984e1a975090ba458cc7e244025191dbd",
                "sha256:5dfbae6acfc54edf0a7a415b99e0b21c0a3c27a7f787b292eea727b1facc5533"
            ],
            "version": "==2.10.5"
        },
        "requests": {
            "hashes": [
                "sha256:545c4855cd9d7c12671444326337013766f4eea6068c3f0307fb2dc2696d580e",
                "sha256:5acf980358283faba0b897c73959cecf8b841205bb4b2ad3ef545f46eae1a133"
            ],
            "version": "==2.11.1"
        },
        "schema": {
            "hashes": [
                "sha256:057eff1563eab2cff82e4aceac25712eacbc315ad30fa441418efced7752d5c7",
                "sha256:958f25b80a811072df7c660b0b09d822c5dd553c1a87e6aff1f47ca538153a2f"
            ],
            "version": "==0.6.2"
        },
        "six": {
            "hashes": [
                "sha256:0ff78c403d9bccf5a425a6d31a12aa6b47f1c21ca4dc2573a7e2f32a97335eb1",
                "sha256:105f8d68616f8248e24bf0e9372ef04d3cc10104f1980f54d57b2ce73a5ad56a"
            ],
            "version": "==1.10.0"
        },
        "twisted": {
            "hashes": [
                "sha256:a2bfc419b2d38c0b818fe9a233c372bf4703123200bbd9ae6a55e036295f2da0",
                "sha256:a090e8dc675e97fb20c3bb5f8114ae94169f4e29fd3b3cbede35705fd3cdbd79"
            ],
            "version": "==16.2.0"
        },
        "txaio": {
            "hashes": [
                "sha256:a916c98536b8fdfe01e3e8ee6a45d53b88e5c5878980887bdac63cf8aa9697dd",
                "sha256:625076477182e2dde78b79d0b2b0d6b3cecb0e24fe0ea7eaf2abd26a4c0dd1de"
            ],
            "version": "==2.5.1"
        },
        "unicodecsv": {
            "hashes": [
                "sha256:018c08037d48649a0412063ff4eda26eaa81eff1546dbffa51fa5293276ff7fc"
            ],
            "version": "==0.14.1"
        },
        "wheel": {
            "hashes": [
                "sha256:ea8033fc9905804e652f75474d33410a07404c1a78dd3c949a66863bd1050ebd",
                "sha256:1ebb8ad7e26b448e9caa4773d2357849bf80ff9e313964bcaf79cbf0201a1648"
            ],
            "version": "==0.29.0"
        },
        "whitenoise": {
            "hashes": [
                "sha256:a875382e670bdd5ab642b26d930463af4509a6de63b52402c23a7216dc382a99",
                "sha256:51d48bd426d3cf64c1ec5082d1f0d5437649d8ae59114a495e7406faae4fcbd2"
            ],
            "version": "==3.2.1"
        },
        "ws4py": {
            "hashes": [
                "sha256:5825d3f66fe2ba7ac8e79dd568a8a9bba3e8324589a39b84de2b1f38cb026e6c",
                "sha256:2bcd93b8dbd268b420f3f7c25bb122e0afdda0ee3628eb2aa01d3e7f816109b7",
                "sha256:c4cc4a872027f6a6006a6142a38eb6d65c2ece29a4cefac98dd20a48c34ec7a9",
                "sha256:d603cdeec44cca0d403136883c1e4fc7021e738cbd6373d63105e2416ee5953f"
            ],
            "version": "==0.3.5"
        },
        "xlsxwriter": {
            "hashes": [
                "sha256:59f50a2135afcf53804c46ae4f849ca9751963d729a330767834aee9ff9525e4",
                "sha256:19d2b5c0dd4d5fc00e8d7f164795f50e885b20d1cc27a3d04d5c7fec3c4d57f6"
            ],
            "version": "==0.9.3"
        },
        "zope.interface": {
            "hashes": [
                "sha256:a1ccff8607b1daa42971af141fdd3ca497d4f76332d65229c37305285cd45937",
                "sha256:1908fd96731016658463d8dcffc76d2cac07246c4f48d4b1e162d99bd66ffc54",
                "sha256:5733402eb4a10ba77ad38612fbfaea01411c1abaa934c8748e8d49f347efc15a",
                "sha256:eb65c746e0c70c69752196695db6a79aceb6f42ecf1c61c41443849edd08d775",
                "sha256:d54913b181a6dd0b583fda18b3aa09461edd90e55f810b465499d9a289ecb39f",
                "sha256:b6fafe813e0eb2fe927b92ed2b158c51858f5f8bf546b52f7986ec32cd531e04",
                "sha256:e6a70b897b92bda0144034d521cb36d040c2ec09acd4af74c75507f6c051151d",
                "sha256:044fc650c96442005e7c82fdc929abe0afebfca87e9b71af01175c0af22624c1",
                "sha256:e75c5ffbe6883db1d8d74f1634ea8e8edc7c0dee78d56ffc3c4de25fcfe28eac",
                "sha256:16c606e6ba58060284ae8cc6929ffda0ababd438cbf010c6bddd66787b20a60f",
                "sha256:231bf61303db85702fe2e4438d5639be5def5c6db29c8b72041d65a802661090",
                "sha256:5ddbcd365460ddc133c76bd03af122d8c4983e4e72f8214512650009c2f0a0b5",
                "sha256:9a03c218e46499835c54dd3c9fdeb34377de9b32a758aa8d8dbdadaa055dacff",
                "sha256:282eee729096fd4c07c5eb7b429ab251cc5ec11b51c855e3d2490a941c7e2b12",
                "sha256:a1af404b7aa5e3bdbdf62d384e0324b6141fca5f82dd83b683710ca98af09628",
                "sha256:2e4181935c63abfd643e1659b7e0d7165d992727aada9a35f401993f6fe01d2d",
                "sha256:f8e1a2db6ab5b9feae5afa09d709c1ab03c49acfc58491de0ecb5ead9f6d2620",
                "sha256:7908a07a4735a19ca47541dd4cffb65556c8079c14247a392dd72b4fab50ddcb",
                "sha256:6f5385649adbf6c95dee3352000054fb2916095ef4d29e0f9a074b21a8fba5f1",
                "sha256:39f2fc752a06bf311a51b066b282e3aba499eea2ffa3b2c2d5d9f3859a95028a",
                "sha256:e7092fd2b367f3cd4f7a92d90cb356acd4c8847834d70543bbf0df45f3ba9ea7",
                "sha256:36762743940a075283e1fb22a2ec9e8231871dace2aa00599511ddc4edf0f8f9",
                "sha256:4dc338262d4b9fa98ece53501aee52d3c4a3f7fb66ab17fa0a17534149bfb94d",
                "sha256:c107e9aacdc114799a803437e2bff1cea43f38f9940f3a31c446768cca734df6",
                "sha256:817c7bef511e2ea6265629a95086741f12d878101ec554da3ae478a613db5ae3",
                "sha256:cdd9e65a38656628accc7306edfd574028a992ff04c053b9285bc087e1682f3b",
                "sha256:1bc58a88af5271ca0371541e0c595cf5cb22133a5ef5c145b693014853c8f17c",
                "sha256:bedb10d5ba148303e288cbb484891ca3200037d805f3a6cd9d06a81652ad8a25",
                "sha256:fd3c96cf56362631dc3e435e5f9fc67c7d731a1de4a2b41fc00a5b5c6aa5a08a",
                "sha256:111fb59be011eca5e3a581bbb45d06d29d1e401c348410610f9bb1fc3b357322",
                "sha256:7dd8a77b0ba238431767b1512885de199bc95f8191a494ee9a428c478f4ef2f4",
                "sha256:9e60186f65cef9d18006508faf1f01f57af35bbc99bdf9b9e793113b87867f40"
            ],
            "version": "==4.2.0"
        }
    },
    "develop": {}
}
